
Microsoft Visual Studio Solution File, Format Version 12.00
# Visual Studio Version 17
VisualStudioVersion = 17.5.33424.131
MinimumVisualStudioVersion = 10.0.40219.1
Project("{FAE04EC0-301F-11D3-BF4B-00C04F79EFBC}") = "jobportel1", "jobportel1\jobportel1.csproj", "{52380D77-9E8C-4C1D-AC67-930714F17567}"
EndProject
Global
	GlobalSection(SolutionConfigurationPlatforms) = preSolution
		Debug|Any CPU = Debug|Any CPU
		Release|Any CPU = Release|Any CPU
	EndGlobalSection
	GlobalSection(ProjectConfigurationPlatforms) = postSolution
		{52380D77-9E8C-4C1D-AC67-930714F17567}.Debug|Any CPU.ActiveCfg = Debug|Any CPU
		{52380D77-9E8C-4C1D-AC67-930714F17567}.Debug|Any CPU.Build.0 = Debug|Any CPU
		{52380D77-9E8C-4C1D-AC67-930714F17567}.Release|Any CPU.ActiveCfg = Release|Any CPU
		{52380D77-9E8C-4C1D-AC67-930714F17567}.Release|Any CPU.Build.0 = Release|Any CPU
	EndGlobalSection
	GlobalSection(SolutionProperties) = preSolution
		HideSolutionNode = FALSE
	EndGlobalSection
	GlobalSection(ExtensibilityGlobals) = postSolution
		SolutionGuid = {69423C28-7743-4694-9A94-51659B58AE01}
	EndGlobalSection
EndGlobal
